
Microsoft Visual Studio Solution File, Format Version 12.00
# Visual Studio Version 17
VisualStudioVersion = 17.4.33213.308
MinimumVisualStudioVersion = 10.0.40219.1
Project("{9A19103F-16F7-4668-BE54-9A1E7A4F7556}") = "UserSearch", "UserSearch\UserSearch.csproj", "{F3CF0BC1-8357-447B-853C-EF6B2F7C469A}"
EndProject
Project("{FAE04EC0-301F-11D3-BF4B-00C04F79EFBC}") = "UserSearch.UnitTest", "UserSearch.UnitTest\UserSearch.UnitTest.csproj", "{0498E19B-04D2-4FDF-B8A9-101C643113FE}"
EndProject
Global
	GlobalSection(SolutionConfigurationPlatforms) = preSolution
		Debug|Any CPU = Debug|Any CPU
		Release|Any CPU = Release|Any CPU
	EndGlobalSection
	GlobalSection(ProjectConfigurationPlatforms) = postSolution
		{F3CF0BC1-8357-447B-853C-EF6B2F7C469A}.Debug|Any CPU.ActiveCfg = Debug|Any CPU
		{F3CF0BC1-8357-447B-853C-EF6B2F7C469A}.Debug|Any CPU.Build.0 = Debug|Any CPU
		{F3CF0BC1-8357-447B-853C-EF6B2F7C469A}.Release|Any CPU.ActiveCfg = Release|Any CPU
		{F3CF0BC1-8357-447B-853C-EF6B2F7C469A}.Release|Any CPU.Build.0 = Release|Any CPU
		{0498E19B-04D2-4FDF-B8A9-101C643113FE}.Debug|Any CPU.ActiveCfg = Debug|Any CPU
		{0498E19B-04D2-4FDF-B8A9-101C643113FE}.Debug|Any CPU.Build.0 = Debug|Any CPU
		{0498E19B-04D2-4FDF-B8A9-101C643113FE}.Release|Any CPU.ActiveCfg = Release|Any CPU
		{0498E19B-04D2-4FDF-B8A9-101C643113FE}.Release|Any CPU.Build.0 = Release|Any CPU
	EndGlobalSection
	GlobalSection(SolutionProperties) = preSolution
		HideSolutionNode = FALSE
	EndGlobalSection
	GlobalSection(ExtensibilityGlobals) = postSolution
		SolutionGuid = {CA47F1D9-68C9-4A01-9008-72E4EA4E26DB}
	EndGlobalSection
EndGlobal
